
Microsoft Visual Studio Solution File, Format Version 12.00
# Visual Studio Version 16
VisualStudioVersion = 16.0.29201.188
MinimumVisualStudioVersion = 10.0.40219.1
Project("{FAE04EC0-301F-11D3-BF4B-00C04F79EFBC}") = "CP", "CP.csproj", "{A3FCE0E2-26CB-4BE8-8277-2F2C34547417}"
EndProject
Global
	GlobalSection(SolutionConfigurationPlatforms) = preSolution
		Debug|Any CPU = Debug|Any CPU
		Release|Any CPU = Release|Any CPU
	EndGlobalSection
	GlobalSection(ProjectConfigurationPlatforms) = postSolution
		{A3FCE0E2-26CB-4BE8-8277-2F2C34547417}.Debug|Any CPU.ActiveCfg = Debug|Any CPU
		{A3FCE0E2-26CB-4BE8-8277-2F2C34547417}.Debug|Any CPU.Build.0 = Debug|Any CPU
		{A3FCE0E2-26CB-4BE8-8277-2F2C34547417}.Release|Any CPU.ActiveCfg = Release|Any CPU
		{A3FCE0E2-26CB-4BE8-8277-2F2C34547417}.Release|Any CPU.Build.0 = Release|Any CPU
	EndGlobalSection
	GlobalSection(SolutionProperties) = preSolution
		HideSolutionNode = FALSE
	EndGlobalSection
	GlobalSection(ExtensibilityGlobals) = postSolution
		SolutionGuid = {C3CEAB87-164F-468E-B845-67A558434F49}
	EndGlobalSection
EndGlobal
